
Microsoft Visual Studio Solution File, Format Version 12.00
# Visual Studio 15
VisualStudioVersion = 15.0.26730.16
MinimumVisualStudioVersion = 10.0.40219.1
Project("{FAE04EC0-301F-11D3-BF4B-00C04F79EFBC}") = "ZedZedZed", "ZedZedZed\ZedZedZed.csproj", "{941C24F1-120F-4939-89D9-07B64FAB4F97}"
EndProject
Global
	GlobalSection(SolutionConfigurationPlatforms) = preSolution
		Debug|Any CPU = Debug|Any CPU
		Release|Any CPU = Release|Any CPU
	EndGlobalSection
	GlobalSection(ProjectConfigurationPlatforms) = postSolution
		{941C24F1-120F-4939-89D9-07B64FAB4F97}.Debug|Any CPU.ActiveCfg = Debug|Any CPU
		{941C24F1-120F-4939-89D9-07B64FAB4F97}.Debug|Any CPU.Build.0 = Debug|Any CPU
		{941C24F1-120F-4939-89D9-07B64FAB4F97}.Release|Any CPU.ActiveCfg = Release|Any CPU
		{941C24F1-120F-4939-89D9-07B64FAB4F97}.Release|Any CPU.Build.0 = Release|Any CPU
	EndGlobalSection
	GlobalSection(SolutionProperties) = preSolution
		HideSolutionNode = FALSE
	EndGlobalSection
	GlobalSection(ExtensibilityGlobals) = postSolution
		SolutionGuid = {A179193A-4D9E-490D-A64C-BB4B7053C5B1}
	EndGlobalSection
EndGlobal
